// !$*UTF8*$!
{
	archiveVersion = 1;
	classes = {
	};
	objectVersion = 46;
	objects = {

/* Begin PBXBuildFile section */
		1379D8B343697A5E9C5CE315 /* Pods_D11.framework in Frameworks */ = {isa = PBXBuildFile; fileRef = BC487AD705B4DCE34070A2E2 /* Pods_D11.framework */; };
		8B335BCB1E48C78E00ACC158 /* RepeatViewController.swift in Sources */ = {isa = PBXBuildFile; fileRef = 8B335BCA1E48C78E00ACC158 /* RepeatViewController.swift */; };
		8B36DBAD1E2F859D00C0E22B /* Tools.swift in Sources */ = {isa = PBXBuildFile; fileRef = 8B36DBAC1E2F859D00C0E22B /* Tools.swift */; };
		8B4C21B01E4E34B5008E759B /* SwipeCell.swift in Sources */ = {isa = PBXBuildFile; fileRef = 8B4C21AF1E4E34B5008E759B /* SwipeCell.swift */; };
		8B56BB211E4B8EA700FF8198 /* RepeatController.swift in Sources */ = {isa = PBXBuildFile; fileRef = 8B56BB201E4B8EA700FF8198 /* RepeatController.swift */; };
		8B9E54901E2F810300AF9F55 /* AppDelegate.swift in Sources */ = {isa = PBXBuildFile; fileRef = 8B9E548F1E2F810300AF9F55 /* AppDelegate.swift */; };
		8B9E54951E2F810300AF9F55 /* Main.storyboard in Resources */ = {isa = PBXBuildFile; fileRef = 8B9E54931E2F810300AF9F55 /* Main.storyboard */; };
		8B9E54981E2F810300AF9F55 /* D11.xcdatamodeld in Sources */ = {isa = PBXBuildFile; fileRef = 8B9E54961E2F810300AF9F55 /* D11.xcdatamodeld */; };
		8B9E549A1E2F810300AF9F55 /* Assets.xcassets in Resources */ = {isa = PBXBuildFile; fileRef = 8B9E54991E2F810300AF9F55 /* Assets.xcassets */; };
		8B9E549D1E2F810300AF9F55 /* LaunchScreen.storyboard in Resources */ = {isa = PBXBuildFile; fileRef = 8B9E549B1E2F810300AF9F55 /* LaunchScreen.storyboard */; };
		8B9E54A51E2F819600AF9F55 /* MainController.swift in Sources */ = {isa = PBXBuildFile; fileRef = 8B9E54A41E2F819600AF9F55 /* MainController.swift */; };
		8B9E54A71E2F81AA00AF9F55 /* AddOrEditController.swift in Sources */ = {isa = PBXBuildFile; fileRef = 8B9E54A61E2F81AA00AF9F55 /* AddOrEditController.swift */; };
/* End PBXBuildFile section */

/* Begin PBXFileReference section */
		13A5115BF8F1FCCF907DB355 /* Pods-D11.release.xcconfig */ = {isa = PBXFileReference; includeInIndex = 1; lastKnownFileType = text.xcconfig; name = "Pods-D11.release.xcconfig"; path = "Pods/Target Support Files/Pods-D11/Pods-D11.release.xcconfig"; sourceTree = "<group>"; };
		8B335BCA1E48C78E00ACC158 /* RepeatViewController.swift */ = {isa = PBXFileReference; fileEncoding = 4; lastKnownFileType = sourcecode.swift; path = RepeatViewController.swift; sourceTree = "<group>"; };
		8B36DBAC1E2F859D00C0E22B /* Tools.swift */ = {isa = PBXFileReference; fileEncoding = 4; lastKnownFileType = sourcecode.swift; path = Tools.swift; sourceTree = "<group>"; };
		8B4C21AF1E4E34B5008E759B /* SwipeCell.swift */ = {isa = PBXFileReference; fileEncoding = 4; lastKnownFileType = sourcecode.swift; path = SwipeCell.swift; sourceTree = "<group>"; };
		8B56BB201E4B8EA700FF8198 /* RepeatController.swift */ = {isa = PBXFileReference; fileEncoding = 4; lastKnownFileType = sourcecode.swift; path = RepeatController.swift; sourceTree = "<group>"; };
		8B9E548C1E2F810300AF9F55 /* D11.app */ = {isa = PBXFileReference; explicitFileType = wrapper.application; includeInIndex = 0; path = D11.app; sourceTree = BUILT_PRODUCTS_DIR; };
		8B9E548F1E2F810300AF9F55 /* AppDelegate.swift */ = {isa = PBXFileReference; lastKnownFileType = sourcecode.swift; path = AppDelegate.swift; sourceTree = "<group>"; };
		8B9E54941E2F810300AF9F55 /* Base */ = {isa = PBXFileReference; lastKnownFileType = file.storyboard; name = Base; path = Base.lproj/Main.storyboard; sourceTree = "<group>"; };
		8B9E54971E2F810300AF9F55 /* D11.xcdatamodel */ = {isa = PBXFileReference; lastKnownFileType = wrapper.xcdatamodel; path = D11.xcdatamodel; sourceTree = "<group>"; };
		8B9E54991E2F810300AF9F55 /* Assets.xcassets */ = {isa = PBXFileReference; lastKnownFileType = folder.assetcatalog; path = Assets.xcassets; sourceTree = "<group>"; };
		8B9E549C1E2F810300AF9F55 /* Base */ = {isa = PBXFileReference; lastKnownFileType = file.storyboard; name = Base; path = Base.lproj/LaunchScreen.storyboard; sourceTree = "<group>"; };
		8B9E549E1E2F810300AF9F55 /* Info.plist */ = {isa = PBXFileReference; lastKnownFileType = text.plist.xml; path = Info.plist; sourceTree = "<group>"; };
		8B9E54A41E2F819600AF9F55 /* MainController.swift */ = {isa = PBXFileReference; fileEncoding = 4; lastKnownFileType = sourcecode.swift; path = MainController.swift; sourceTree = "<group>"; };
		8B9E54A61E2F81AA00AF9F55 /* AddOrEditController.swift */ = {isa = PBXFileReference; fileEncoding = 4; lastKnownFileType = sourcecode.swift; path = AddOrEditController.swift; sourceTree = "<group>"; };
		BC487AD705B4DCE34070A2E2 /* Pods_D11.framework */ = {isa = PBXFileReference; explicitFileType = wrapper.framework; includeInIndex = 0; path = Pods_D11.framework; sourceTree = BUILT_PRODUCTS_DIR; };
		EC0761D8758232F9B454D0CD /* Pods-D11.debug.xcconfig */ = {isa = PBXFileReference; includeInIndex = 1; lastKnownFileType = text.xcconfig; name = "Pods-D11.debug.xcconfig"; path = "Pods/Target Support Files/Pods-D11/Pods-D11.debug.xcconfig"; sourceTree = "<group>"; };
/* End PBXFileReference section */

/* Begin PBXFrameworksBuildPhase section */
		8B9E54891E2F810300AF9F55 /* Frameworks */ = {
			isa = PBXFrameworksBuildPhase;
			buildActionMask = 2147483647;
			files = (
				1379D8B343697A5E9C5CE315 /* Pods_D11.framework in Frameworks */,
			);
			runOnlyForDeploymentPostprocessing = 0;
		};
/* End PBXFrameworksBuildPhase section */

/* Begin PBXGroup section */
		8B9E54831E2F810300AF9F55 = {
			isa = PBXGroup;
			children = (
				8B9E548E1E2F810300AF9F55 /* D11 */,
				8B9E548D1E2F810300AF9F55 /* Products */,
				B633300ACABFF92D946B4CAC /* Pods */,
				D12D78301CE2A79AB030A875 /* Frameworks */,
			);
			sourceTree = "<group>";
		};
		8B9E548D1E2F810300AF9F55 /* Products */ = {
			isa = PBXGroup;
			children = (
				8B9E548C1E2F810300AF9F55 /* D11.app */,
			);
			name = Products;
			sourceTree = "<group>";
		};
		8B9E548E1E2F810300AF9F55 /* D11 */ = {
			isa = PBXGroup;
			children = (
				8B9E548F1E2F810300AF9F55 /* AppDelegate.swift */,
				8B9E54A41E2F819600AF9F55 /* MainController.swift */,
				8B9E54A61E2F81AA00AF9F55 /* AddOrEditController.swift */,
				8B335BCA1E48C78E00ACC158 /* RepeatViewController.swift */,
				8B56BB201E4B8EA700FF8198 /* RepeatController.swift */,
				8B9E54931E2F810300AF9F55 /* Main.storyboard */,
				8B9E54991E2F810300AF9F55 /* Assets.xcassets */,
				8B36DBAC1E2F859D00C0E22B /* Tools.swift */,
				8B4C21AF1E4E34B5008E759B /* SwipeCell.swift */,
				8B9E549B1E2F810300AF9F55 /* LaunchScreen.storyboard */,
				8B9E549E1E2F810300AF9F55 /* Info.plist */,
				8B9E54961E2F810300AF9F55 /* D11.xcdatamodeld */,
			);
			path = D11;
			sourceTree = "<group>";
		};
		B633300ACABFF92D946B4CAC /* Pods */ = {
			isa = PBXGroup;
			children = (
				EC0761D8758232F9B454D0CD /* Pods-D11.debug.xcconfig */,
				13A5115BF8F1FCCF907DB355 /* Pods-D11.release.xcconfig */,
			);
			name = Pods;
			sourceTree = "<group>";
		};
		D12D78301CE2A79AB030A875 /* Frameworks */ = {
			isa = PBXGroup;
			children = (
				BC487AD705B4DCE34070A2E2 /* Pods_D11.framework */,
			);
			name = Frameworks;
			sourceTree = "<group>";
		};
/* End PBXGroup section */

/* Begin PBXNativeTarget section */
		8B9E548B1E2F810300AF9F55 /* D11 */ = {
			isa = PBXNativeTarget;
			buildConfigurationList = 8B9E54A11E2F810300AF9F55 /* Build configuration list for PBXNativeTarget "D11" */;
			buildPhases = (
				AA801A50704C57EE2655E3ED /* [CP] Check Pods Manifest.lock */,
				8B9E54881E2F810300AF9F55 /* Sources */,
				8B9E54891E2F810300AF9F55 /* Frameworks */,
				8B9E548A1E2F810300AF9F55 /* Resources */,
				8429FDB0F5F2625E80FD5F4E /* [CP] Embed Pods Frameworks */,
				3B59C4457D6E1D4258D1A357 /* [CP] Copy Pods Resources */,
			);
			buildRules = (
			);
			dependencies = (
			);
			name = D11;
			productName = D11;
			productReference = 8B9E548C1E2F810300AF9F55 /* D11.app */;
			productType = "com.apple.product-type.application";
		};
/* End PBXNativeTarget section */

/* Begin PBXProject section */
		8B9E54841E2F810300AF9F55 /* Project object */ = {
			isa = PBXProject;
			attributes = {
				LastSwiftUpdateCheck = 0820;
				LastUpgradeCheck = 0820;
				ORGANIZATIONNAME = "Ruggero Civitarese";
				TargetAttributes = {
					8B9E548B1E2F810300AF9F55 = {
						CreatedOnToolsVersion = 8.2.1;
						DevelopmentTeam = B945VFJPE5;
						ProvisioningStyle = Automatic;
					};
				};
			};
			buildConfigurationList = 8B9E54871E2F810300AF9F55 /* Build configuration list for PBXProject "D11" */;
			compatibilityVersion = "Xcode 3.2";
			developmentRegion = English;
			hasScannedForEncodings = 0;
			knownRegions = (
				en,
				Base,
			);
			mainGroup = 8B9E54831E2F810300AF9F55;
			productRefGroup = 8B9E548D1E2F810300AF9F55 /* Products */;
			projectDirPath = "";
			projectRoot = "";
			targets = (
				8B9E548B1E2F810300AF9F55 /* D11 */,
			);
		};
/* End PBXProject section */

/* Begin PBXResourcesBuildPhase section */
		8B9E548A1E2F810300AF9F55 /* Resources */ = {
			isa = PBXResourcesBuildPhase;
			buildActionMask = 2147483647;
			files = (
				8B9E549D1E2F810300AF9F55 /* LaunchScreen.storyboard in Resources */,
				8B9E549A1E2F810300AF9F55 /* Assets.xcassets in Resources */,
				8B9E54951E2F810300AF9F55 /* Main.storyboard in Resources */,
			);
			runOnlyForDeploymentPostprocessing = 0;
		};
/* End PBXResourcesBuildPhase section */

/* Begin PBXShellScriptBuildPhase section */
		3B59C4457D6E1D4258D1A357 /* [CP] Copy Pods Resources */ = {
			isa = PBXShellScriptBuildPhase;
			buildActionMask = 2147483647;
			files = (
			);
			inputPaths = (
			);
			name = "[CP] Copy Pods Resources";
			outputPaths = (
			);
			runOnlyForDeploymentPostprocessing = 0;
			shellPath = /bin/sh;
			shellScript = "\"${SRCROOT}/Pods/Target Support Files/Pods-D11/Pods-D11-resources.sh\"\n";
			showEnvVarsInLog = 0;
		};
		8429FDB0F5F2625E80FD5F4E /* [CP] Embed Pods Frameworks */ = {
			isa = PBXShellScriptBuildPhase;
			buildActionMask = 2147483647;
			files = (
			);
			inputPaths = (
			);
			name = "[CP] Embed Pods Frameworks";
			outputPaths = (
			);
			runOnlyForDeploymentPostprocessing = 0;
			shellPath = /bin/sh;
			shellScript = "\"${SRCROOT}/Pods/Target Support Files/Pods-D11/Pods-D11-frameworks.sh\"\n";
			showEnvVarsInLog = 0;
		};
		AA801A50704C57EE2655E3ED /* [CP] Check Pods Manifest.lock */ = {
			isa = PBXShellScriptBuildPhase;
			buildActionMask = 2147483647;
			files = (
			);
			inputPaths = (
			);
			name = "[CP] Check Pods Manifest.lock";
			outputPaths = (
			);
			runOnlyForDeploymentPostprocessing = 0;
			shellPath = /bin/sh;
			shellScript = "diff \"${PODS_ROOT}/../Podfile.lock\" \"${PODS_ROOT}/Manifest.lock\" > /dev/null\nif [ $? != 0 ] ; then\n    # print error to STDERR\n    echo \"error: The sandbox is not in sync with the Podfile.lock. Run 'pod install' or update your CocoaPods installation.\" >&2\n    exit 1\nfi\n";
			showEnvVarsInLog = 0;
		};
/* End PBXShellScriptBuildPhase section */

/* Begin PBXSourcesBuildPhase section */
		8B9E54881E2F810300AF9F55 /* Sources */ = {
			isa = PBXSourcesBuildPhase;
			buildActionMask = 2147483647;
			files = (
				8B335BCB1E48C78E00ACC158 /* RepeatViewController.swift in Sources */,
				8B9E54A51E2F819600AF9F55 /* MainController.swift in Sources */,
				8B4C21B01E4E34B5008E759B /* SwipeCell.swift in Sources */,
				8B9E54901E2F810300AF9F55 /* AppDelegate.swift in Sources */,
				8B9E54981E2F810300AF9F55 /* D11.xcdatamodeld in Sources */,
				8B36DBAD1E2F859D00C0E22B /* Tools.swift in Sources */,
				8B56BB211E4B8EA700FF8198 /* RepeatController.swift in Sources */,
				8B9E54A71E2F81AA00AF9F55 /* AddOrEditController.swift in Sources */,
			);
			runOnlyForDeploymentPostprocessing = 0;
		};
/* End PBXSourcesBuildPhase section */

/* Begin PBXVariantGroup section */
		8B9E54931E2F810300AF9F55 /* Main.storyboard */ = {
			isa = PBXVariantGroup;
			children = (
				8B9E54941E2F810300AF9F55 /* Base */,
			);
			name = Main.storyboard;
			sourceTree = "<group>";
		};
		8B9E549B1E2F810300AF9F55 /* LaunchScreen.storyboard */ = {
			isa = PBXVariantGroup;
			children = (
				8B9E549C1E2F810300AF9F55 /* Base */,
			);
			name = LaunchScreen.storyboard;
			sourceTree = "<group>";
		};
/* End PBXVariantGroup section */

/* Begin XCBuildConfiguration section */
		8B9E549F1E2F810300AF9F55 /* Debug */ = {
			isa = XCBuildConfiguration;
			buildSettings = {
				ALWAYS_SEARCH_USER_PATHS = NO;
				CLANG_ANALYZER_NONNULL = YES;
				CLANG_CXX_LANGUAGE_STANDARD = "gnu++0x";
				CLANG_CXX_LIBRARY = "libc++";
				CLANG_ENABLE_MODULES = YES;
				CLANG_ENABLE_OBJC_ARC = YES;
				CLANG_WARN_BOOL_CONVERSION = YES;
				CLANG_WARN_CONSTANT_CONVERSION = YES;
				CLANG_WARN_DIRECT_OBJC_ISA_USAGE = YES_ERROR;
				CLANG_WARN_DOCUMENTATION_COMMENTS = YES;
				CLANG_WARN_EMPTY_BODY = YES;
				CLANG_WARN_ENUM_CONVERSION = YES;
				CLANG_WARN_INFINITE_RECURSION = YES;
				CLANG_WARN_INT_CONVERSION = YES;
				CLANG_WARN_OBJC_ROOT_CLASS = YES_ERROR;
				CLANG_WARN_SUSPICIOUS_MOVE = YES;
				CLANG_WARN_UNREACHABLE_CODE = YES;
				CLANG_WARN__DUPLICATE_METHOD_MATCH = YES;
				"CODE_SIGN_IDENTITY[sdk=iphoneos*]" = "iPhone Developer";
				COPY_PHASE_STRIP = NO;
				DEBUG_INFORMATION_FORMAT = dwarf;
				ENABLE_STRICT_OBJC_MSGSEND = YES;
				ENABLE_TESTABILITY = YES;
				GCC_C_LANGUAGE_STANDARD = gnu99;
				GCC_DYNAMIC_NO_PIC = NO;
				GCC_NO_COMMON_BLOCKS = YES;
				GCC_OPTIMIZATION_LEVEL = 0;
				GCC_PREPROCESSOR_DEFINITIONS = (
					"DEBUG=1",
					"$(inherited)",
				);
				GCC_WARN_64_TO_32_BIT_CONVERSION = YES;
				GCC_WARN_ABOUT_RETURN_TYPE = YES_ERROR;
				GCC_WARN_UNDECLARED_SELECTOR = YES;
				GCC_WARN_UNINITIALIZED_AUTOS = YES_AGGRESSIVE;
				GCC_WARN_UNUSED_FUNCTION = YES;
				GCC_WARN_UNUSED_VARIABLE = YES;
				IPHONEOS_DEPLOYMENT_TARGET = 10.2;
				MTL_ENABLE_DEBUG_INFO = YES;
				ONLY_ACTIVE_ARCH = YES;
				SDKROOT = iphoneos;
				SWIFT_ACTIVE_COMPILATION_CONDITIONS = DEBUG;
				SWIFT_OPTIMIZATION_LEVEL = "-Onone";
				TARGETED_DEVICE_FAMILY = "1,2";
			};
			name = Debug;
		};
		8B9E54A01E2F810300AF9F55 /* Release */ = {
			isa = XCBuildConfiguration;
			buildSettings = {
				ALWAYS_SEARCH_USER_PATHS = NO;
				CLANG_ANALYZER_NONNULL = YES;
				CLANG_CXX_LANGUAGE_STANDARD = "gnu++0x";
				CLANG_CXX_LIBRARY = "libc++";
				CLANG_ENABLE_MODULES = YES;
				CLANG_ENABLE_OBJC_ARC = YES;
				CLANG_WARN_BOOL_CONVERSION = YES;
				CLANG_WARN_CONSTANT_CONVERSION = YES;
				CLANG_WARN_DIRECT_OBJC_ISA_USAGE = YES_ERROR;
				CLANG_WARN_DOCUMENTATION_COMMENTS = YES;
				CLANG_WARN_EMPTY_BODY = YES;
				CLANG_WARN_ENUM_CONVERSION = YES;
				CLANG_WARN_INFINITE_RECURSION = YES;
				CLANG_WARN_INT_CONVERSION = YES;
				CLANG_WARN_OBJC_ROOT_CLASS = YES_ERROR;
				CLANG_WARN_SUSPICIOUS_MOVE = YES;
				CLANG_WARN_UNREACHABLE_CODE = YES;
				CLANG_WARN__DUPLICATE_METHOD_MATCH = YES;
				"CODE_SIGN_IDENTITY[sdk=iphoneos*]" = "iPhone Developer";
				COPY_PHASE_STRIP = NO;
				DEBUG_INFORMATION_FORMAT = "dwarf-with-dsym";
				ENABLE_NS_ASSERTIONS = NO;
				ENABLE_STRICT_OBJC_MSGSEND = YES;
				GCC_C_LANGUAGE_STANDARD = gnu99;
				GCC_NO_COMMON_BLOCKS = YES;
				GCC_WARN_64_TO_32_BIT_CONVERSION = YES;
				GCC_WARN_ABOUT_RETURN_TYPE = YES_ERROR;
				GCC_WARN_UNDECLARED_SELECTOR = YES;
				GCC_WARN_UNINITIALIZED_AUTOS = YES_AGGRESSIVE;
				GCC_WARN_UNUSED_FUNCTION = YES;
				GCC_WARN_UNUSED_VARIABLE = YES;
				IPHONEOS_DEPLOYMENT_TARGET = 10.2;
				MTL_ENABLE_DEBUG_INFO = NO;
				SDKROOT = iphoneos;
				SWIFT_OPTIMIZATION_LEVEL = "-Owholemodule";
				TARGETED_DEVICE_FAMILY = "1,2";
				VALIDATE_PRODUCT = YES;
			};
			name = Release;
		};
		8B9E54A21E2F810300AF9F55 /* Debug */ = {
			isa = XCBuildConfiguration;
			baseConfigurationReference = EC0761D8758232F9B454D0CD /* Pods-D11.debug.xcconfig */;
			buildSettings = {
				ALWAYS_EMBED_SWIFT_STANDARD_LIBRARIES = YES;
				ASSETCATALOG_COMPILER_APPICON_NAME = AppIcon;
				DEVELOPMENT_TEAM = B945VFJPE5;
				INFOPLIST_FILE = D11/Info.plist;
				IPHONEOS_DEPLOYMENT_TARGET = 10.0;
				LD_RUNPATH_SEARCH_PATHS = "$(inherited) @executable_path/Frameworks";
				PRODUCT_BUNDLE_IDENTIFIER = it.rug.D11;
				PRODUCT_NAME = "$(TARGET_NAME)";
				SWIFT_VERSION = 3.0;
				TARGETED_DEVICE_FAMILY = 1;
			};
			name = Debug;
		};
		8B9E54A31E2F810300AF9F55 /* Release */ = {
			isa = XCBuildConfiguration;
			baseConfigurationReference = 13A5115BF8F1FCCF907DB355 /* Pods-D11.release.xcconfig */;
			buildSettings = {
				ALWAYS_EMBED_SWIFT_STANDARD_LIBRARIES = YES;
				ASSETCATALOG_COMPILER_APPICON_NAME = AppIcon;
				DEVELOPMENT_TEAM = B945VFJPE5;
				INFOPLIST_FILE = D11/Info.plist;
				IPHONEOS_DEPLOYMENT_TARGET = 10.0;
				LD_RUNPATH_SEARCH_PATHS = "$(inherited) @executable_path/Frameworks";
				PRODUCT_BUNDLE_IDENTIFIER = it.rug.D11;
				PRODUCT_NAME = "$(TARGET_NAME)";
				SWIFT_VERSION = 3.0;
				TARGETED_DEVICE_FAMILY = 1;
			};
			name = Release;
		};
/* End XCBuildConfiguration section */

/* Begin XCConfigurationList section */
		8B9E54871E2F810300AF9F55 /* Build configuration list for PBXProject "D11" */ = {
			isa = XCConfigurationList;
			buildConfigurations = (
				8B9E549F1E2F810300AF9F55 /* Debug */,
				8B9E54A01E2F810300AF9F55 /* Release */,
			);
			defaultConfigurationIsVisible = 0;
			defaultConfigurationName = Release;
		};
		8B9E54A11E2F810300AF9F55 /* Build configuration list for PBXNativeTarget "D11" */ = {
			isa = XCConfigurationList;
			buildConfigurations = (
				8B9E54A21E2F810300AF9F55 /* Debug */,
				8B9E54A31E2F810300AF9F55 /* Release */,
			);
			defaultConfigurationIsVisible = 0;
			defaultConfigurationName = Release;
		};
/* End XCConfigurationList section */

/* Begin XCVersionGroup section */
		8B9E54961E2F810300AF9F55 /* D11.xcdatamodeld */ = {
			isa = XCVersionGroup;
			children = (
				8B9E54971E2F810300AF9F55 /* D11.xcdatamodel */,
			);
			currentVersion = 8B9E54971E2F810300AF9F55 /* D11.xcdatamodel */;
			path = D11.xcdatamodeld;
			sourceTree = "<group>";
			versionGroupType = wrapper.xcdatamodel;
		};
/* End XCVersionGroup section */
	};
	rootObject = 8B9E54841E2F810300AF9F55 /* Project object */;
}
